// !$*UTF8*$!
{
	archiveVersion = 1;
	classes = {
	};
	objectVersion = 55;
	objects = {

/* Begin PBXBuildFile section */
		C4218E062916E2220068BCCA /* HomeViewController.swift in Sources */ = {isa = PBXBuildFile; fileRef = C4218E052916E2220068BCCA /* HomeViewController.swift */; };
		C4218E092916EC190068BCCA /* LocalState.swift in Sources */ = {isa = PBXBuildFile; fileRef = C4218E082916EC190068BCCA /* LocalState.swift */; };
		C4218E0B2916FE0B0068BCCA /* UIViewControllerUtils.swift in Sources */ = {isa = PBXBuildFile; fileRef = C4218E0A2916FE0B0068BCCA /* UIViewControllerUtils.swift */; };
		C4218E0D2916FF770068BCCA /* MainViewController.swift in Sources */ = {isa = PBXBuildFile; fileRef = C4218E0C2916FF770068BCCA /* MainViewController.swift */; };
		C4218E102917E2FB0068BCCA /* AccountSummaryViewController.swift in Sources */ = {isa = PBXBuildFile; fileRef = C4218E0F2917E2FB0068BCCA /* AccountSummaryViewController.swift */; };
		C4323FAD28C381880039D8CE /* OnboardingViewController.swift in Sources */ = {isa = PBXBuildFile; fileRef = C4323FAC28C381880039D8CE /* OnboardingViewController.swift */; };
		C467F1FB28BA98BB0009DF2D /* AppDelegate.swift in Sources */ = {isa = PBXBuildFile; fileRef = C467F1FA28BA98BB0009DF2D /* AppDelegate.swift */; };
		C467F1FF28BA98BB0009DF2D /* LoginViewController.swift in Sources */ = {isa = PBXBuildFile; fileRef = C467F1FE28BA98BB0009DF2D /* LoginViewController.swift */; };
		C467F20528BA98BB0009DF2D /* Bankey.xcdatamodeld in Sources */ = {isa = PBXBuildFile; fileRef = C467F20328BA98BB0009DF2D /* Bankey.xcdatamodeld */; };
		C467F20728BA98BD0009DF2D /* Assets.xcassets in Resources */ = {isa = PBXBuildFile; fileRef = C467F20628BA98BD0009DF2D /* Assets.xcassets */; };
		C467F20A28BA98BD0009DF2D /* LaunchScreen.storyboard in Resources */ = {isa = PBXBuildFile; fileRef = C467F20828BA98BD0009DF2D /* LaunchScreen.storyboard */; };
		C467F21528BA9EB20009DF2D /* LoginView.swift in Sources */ = {isa = PBXBuildFile; fileRef = C467F21428BA9EB20009DF2D /* LoginView.swift */; };
		C4A3B30628BDB79100165179 /* OnboardingContainerViewController.swift in Sources */ = {isa = PBXBuildFile; fileRef = C4A3B30528BDB79100165179 /* OnboardingContainerViewController.swift */; };
/* End PBXBuildFile section */

/* Begin PBXFileReference section */
		C4218E052916E2220068BCCA /* HomeViewController.swift */ = {isa = PBXFileReference; lastKnownFileType = sourcecode.swift; path = HomeViewController.swift; sourceTree = "<group>"; };
		C4218E082916EC190068BCCA /* LocalState.swift */ = {isa = PBXFileReference; lastKnownFileType = sourcecode.swift; path = LocalState.swift; sourceTree = "<group>"; };
		C4218E0A2916FE0B0068BCCA /* UIViewControllerUtils.swift */ = {isa = PBXFileReference; lastKnownFileType = sourcecode.swift; path = UIViewControllerUtils.swift; sourceTree = "<group>"; };
		C4218E0C2916FF770068BCCA /* MainViewController.swift */ = {isa = PBXFileReference; lastKnownFileType = sourcecode.swift; path = MainViewController.swift; sourceTree = "<group>"; };
		C4218E0F2917E2FB0068BCCA /* AccountSummaryViewController.swift */ = {isa = PBXFileReference; lastKnownFileType = sourcecode.swift; path = AccountSummaryViewController.swift; sourceTree = "<group>"; };
		C4323FAC28C381880039D8CE /* OnboardingViewController.swift */ = {isa = PBXFileReference; lastKnownFileType = sourcecode.swift; path = OnboardingViewController.swift; sourceTree = "<group>"; };
		C467F1F728BA98BB0009DF2D /* Bankey.app */ = {isa = PBXFileReference; explicitFileType = wrapper.application; includeInIndex = 0; path = Bankey.app; sourceTree = BUILT_PRODUCTS_DIR; };
		C467F1FA28BA98BB0009DF2D /* AppDelegate.swift */ = {isa = PBXFileReference; lastKnownFileType = sourcecode.swift; path = AppDelegate.swift; sourceTree = "<group>"; };
		C467F1FE28BA98BB0009DF2D /* LoginViewController.swift */ = {isa = PBXFileReference; lastKnownFileType = sourcecode.swift; path = LoginViewController.swift; sourceTree = "<group>"; };
		C467F20428BA98BB0009DF2D /* Bankey.xcdatamodel */ = {isa = PBXFileReference; lastKnownFileType = wrapper.xcdatamodel; path = Bankey.xcdatamodel; sourceTree = "<group>"; };
		C467F20628BA98BD0009DF2D /* Assets.xcassets */ = {isa = PBXFileReference; lastKnownFileType = folder.assetcatalog; path = Assets.xcassets; sourceTree = "<group>"; };
		C467F20928BA98BD0009DF2D /* Base */ = {isa = PBXFileReference; lastKnownFileType = file.storyboard; name = Base; path = Base.lproj/LaunchScreen.storyboard; sourceTree = "<group>"; };
		C467F20B28BA98BD0009DF2D /* Info.plist */ = {isa = PBXFileReference; lastKnownFileType = text.plist.xml; path = Info.plist; sourceTree = "<group>"; };
		C467F21428BA9EB20009DF2D /* LoginView.swift */ = {isa = PBXFileReference; lastKnownFileType = sourcecode.swift; path = LoginView.swift; sourceTree = "<group>"; };
		C4A3B30528BDB79100165179 /* OnboardingContainerViewController.swift */ = {isa = PBXFileReference; lastKnownFileType = sourcecode.swift; path = OnboardingContainerViewController.swift; sourceTree = "<group>"; };
/* End PBXFileReference section */

/* Begin PBXFrameworksBuildPhase section */
		C467F1F428BA98BB0009DF2D /* Frameworks */ = {
			isa = PBXFrameworksBuildPhase;
			buildActionMask = 2147483647;
			files = (
			);
			runOnlyForDeploymentPostprocessing = 0;
		};
/* End PBXFrameworksBuildPhase section */

/* Begin PBXGroup section */
		C4218E072916EBE20068BCCA /* Utils */ = {
			isa = PBXGroup;
			children = (
				C4218E082916EC190068BCCA /* LocalState.swift */,
				C4218E0A2916FE0B0068BCCA /* UIViewControllerUtils.swift */,
			);
			path = Utils;
			sourceTree = "<group>";
		};
		C4218E0E2917E2C20068BCCA /* AccountSummary */ = {
			isa = PBXGroup;
			children = (
				C4218E0F2917E2FB0068BCCA /* AccountSummaryViewController.swift */,
			);
			path = AccountSummary;
			sourceTree = "<group>";
		};
		C467F1EE28BA98BB0009DF2D = {
			isa = PBXGroup;
			children = (
				C467F1F928BA98BB0009DF2D /* Bankey */,
				C467F1F828BA98BB0009DF2D /* Products */,
			);
			sourceTree = "<group>";
		};
		C467F1F828BA98BB0009DF2D /* Products */ = {
			isa = PBXGroup;
			children = (
				C467F1F728BA98BB0009DF2D /* Bankey.app */,
			);
			name = Products;
			sourceTree = "<group>";
		};
		C467F1F928BA98BB0009DF2D /* Bankey */ = {
			isa = PBXGroup;
			children = (
				C467F1FA28BA98BB0009DF2D /* AppDelegate.swift */,
				C4218E0C2916FF770068BCCA /* MainViewController.swift */,
				C467F21328BA9E6E0009DF2D /* Login */,
				C4A3B30428BDB72200165179 /* Onboarding */,
				C4218E0E2917E2C20068BCCA /* AccountSummary */,
				C4218E072916EBE20068BCCA /* Utils */,
				C467F21228BA9E1C0009DF2D /* Files */,
			);
			path = Bankey;
			sourceTree = "<group>";
		};
		C467F21228BA9E1C0009DF2D /* Files */ = {
			isa = PBXGroup;
			children = (
				C467F20628BA98BD0009DF2D /* Assets.xcassets */,
				C467F20828BA98BD0009DF2D /* LaunchScreen.storyboard */,
				C467F20B28BA98BD0009DF2D /* Info.plist */,
				C467F20328BA98BB0009DF2D /* Bankey.xcdatamodeld */,
			);
			name = Files;
			sourceTree = "<group>";
		};
		C467F21328BA9E6E0009DF2D /* Login */ = {
			isa = PBXGroup;
			children = (
				C467F1FE28BA98BB0009DF2D /* LoginViewController.swift */,
				C467F21428BA9EB20009DF2D /* LoginView.swift */,
				C4218E052916E2220068BCCA /* HomeViewController.swift */,
			);
			path = Login;
			sourceTree = "<group>";
		};
		C4A3B30428BDB72200165179 /* Onboarding */ = {
			isa = PBXGroup;
			children = (
				C4A3B30528BDB79100165179 /* OnboardingContainerViewController.swift */,
				C4323FAC28C381880039D8CE /* OnboardingViewController.swift */,
			);
			path = Onboarding;
			sourceTree = "<group>";
		};
/* End PBXGroup section */

/* Begin PBXNativeTarget section */
		C467F1F628BA98BB0009DF2D /* Bankey */ = {
			isa = PBXNativeTarget;
			buildConfigurationList = C467F20E28BA98BD0009DF2D /* Build configuration list for PBXNativeTarget "Bankey" */;
			buildPhases = (
				C467F1F328BA98BB0009DF2D /* Sources */,
				C467F1F428BA98BB0009DF2D /* Frameworks */,
				C467F1F528BA98BB0009DF2D /* Resources */,
			);
			buildRules = (
			);
			dependencies = (
			);
			name = Bankey;
			productName = Bankey;
			productReference = C467F1F728BA98BB0009DF2D /* Bankey.app */;
			productType = "com.apple.product-type.application";
		};
/* End PBXNativeTarget section */

/* Begin PBXProject section */
		C467F1EF28BA98BB0009DF2D /* Project object */ = {
			isa = PBXProject;
			attributes = {
				BuildIndependentTargetsInParallel = 1;
				LastSwiftUpdateCheck = 1340;
				LastUpgradeCheck = 1340;
				TargetAttributes = {
					C467F1F628BA98BB0009DF2D = {
						CreatedOnToolsVersion = 13.4.1;
					};
				};
			};
			buildConfigurationList = C467F1F228BA98BB0009DF2D /* Build configuration list for PBXProject "Bankey" */;
			compatibilityVersion = "Xcode 13.0";
			developmentRegion = en;
			hasScannedForEncodings = 0;
			knownRegions = (
				en,
				Base,
			);
			mainGroup = C467F1EE28BA98BB0009DF2D;
			productRefGroup = C467F1F828BA98BB0009DF2D /* Products */;
			projectDirPath = "";
			projectRoot = "";
			targets = (
				C467F1F628BA98BB0009DF2D /* Bankey */,
			);
		};
/* End PBXProject section */

/* Begin PBXResourcesBuildPhase section */
		C467F1F528BA98BB0009DF2D /* Resources */ = {
			isa = PBXResourcesBuildPhase;
			buildActionMask = 2147483647;
			files = (
				C467F20A28BA98BD0009DF2D /* LaunchScreen.storyboard in Resources */,
				C467F20728BA98BD0009DF2D /* Assets.xcassets in Resources */,
			);
			runOnlyForDeploymentPostprocessing = 0;
		};
/* End PBXResourcesBuildPhase section */

/* Begin PBXSourcesBuildPhase section */
		C467F1F328BA98BB0009DF2D /* Sources */ = {
			isa = PBXSourcesBuildPhase;
			buildActionMask = 2147483647;
			files = (
				C4218E0B2916FE0B0068BCCA /* UIViewControllerUtils.swift in Sources */,
				C467F1FF28BA98BB0009DF2D /* LoginViewController.swift in Sources */,
				C4323FAD28C381880039D8CE /* OnboardingViewController.swift in Sources */,
				C467F20528BA98BB0009DF2D /* Bankey.xcdatamodeld in Sources */,
				C467F21528BA9EB20009DF2D /* LoginView.swift in Sources */,
				C4A3B30628BDB79100165179 /* OnboardingContainerViewController.swift in Sources */,
				C4218E062916E2220068BCCA /* HomeViewController.swift in Sources */,
				C467F1FB28BA98BB0009DF2D /* AppDelegate.swift in Sources */,
				C4218E102917E2FB0068BCCA /* AccountSummaryViewController.swift in Sources */,
				C4218E092916EC190068BCCA /* LocalState.swift in Sources */,
				C4218E0D2916FF770068BCCA /* MainViewController.swift in Sources */,
			);
			runOnlyForDeploymentPostprocessing = 0;
		};
/* End PBXSourcesBuildPhase section */

/* Begin PBXVariantGroup section */
		C467F20828BA98BD0009DF2D /* LaunchScreen.storyboard */ = {
			isa = PBXVariantGroup;
			children = (
				C467F20928BA98BD0009DF2D /* Base */,
			);
			name = LaunchScreen.storyboard;
			sourceTree = "<group>";
		};
/* End PBXVariantGroup section */

/* Begin XCBuildConfiguration section */
		C467F20C28BA98BD0009DF2D /* Debug */ = {
			isa = XCBuildConfiguration;
			buildSettings = {
				ALWAYS_SEARCH_USER_PATHS = NO;
				CLANG_ANALYZER_NONNULL = YES;
				CLANG_ANALYZER_NUMBER_OBJECT_CONVERSION = YES_AGGRESSIVE;
				CLANG_CXX_LANGUAGE_STANDARD = "gnu++17";
				CLANG_ENABLE_MODULES = YES;
				CLANG_ENABLE_OBJC_ARC = YES;
				CLANG_ENABLE_OBJC_WEAK = YES;
				CLANG_WARN_BLOCK_CAPTURE_AUTORELEASING = YES;
				CLANG_WARN_BOOL_CONVERSION = YES;
				CLANG_WARN_COMMA = YES;
				CLANG_WARN_CONSTANT_CONVERSION = YES;
				CLANG_WARN_DEPRECATED_OBJC_IMPLEMENTATIONS = YES;
				CLANG_WARN_DIRECT_OBJC_ISA_USAGE = YES_ERROR;
				CLANG_WARN_DOCUMENTATION_COMMENTS = YES;
				CLANG_WARN_EMPTY_BODY = YES;
				CLANG_WARN_ENUM_CONVERSION = YES;
				CLANG_WARN_INFINITE_RECURSION = YES;
				CLANG_WARN_INT_CONVERSION = YES;
				CLANG_WARN_NON_LITERAL_NULL_CONVERSION = YES;
				CLANG_WARN_OBJC_IMPLICIT_RETAIN_SELF = YES;
				CLANG_WARN_OBJC_LITERAL_CONVERSION = YES;
				CLANG_WARN_OBJC_ROOT_CLASS = YES_ERROR;
				CLANG_WARN_QUOTED_INCLUDE_IN_FRAMEWORK_HEADER = YES;
				CLANG_WARN_RANGE_LOOP_ANALYSIS = YES;
				CLANG_WARN_STRICT_PROTOTYPES = YES;
				CLANG_WARN_SUSPICIOUS_MOVE = YES;
				CLANG_WARN_UNGUARDED_AVAILABILITY = YES_AGGRESSIVE;
				CLANG_WARN_UNREACHABLE_CODE = YES;
				CLANG_WARN__DUPLICATE_METHOD_MATCH = YES;
				COPY_PHASE_STRIP = NO;
				DEBUG_INFORMATION_FORMAT = dwarf;
				ENABLE_STRICT_OBJC_MSGSEND = YES;
				ENABLE_TESTABILITY = YES;
				GCC_C_LANGUAGE_STANDARD = gnu11;
				GCC_DYNAMIC_NO_PIC = NO;
				GCC_NO_COMMON_BLOCKS = YES;
				GCC_OPTIMIZATION_LEVEL = 0;
				GCC_PREPROCESSOR_DEFINITIONS = (
					"DEBUG=1",
					"$(inherited)",
				);
				GCC_WARN_64_TO_32_BIT_CONVERSION = YES;
				GCC_WARN_ABOUT_RETURN_TYPE = YES_ERROR;
				GCC_WARN_UNDECLARED_SELECTOR = YES;
				GCC_WARN_UNINITIALIZED_AUTOS = YES_AGGRESSIVE;
				GCC_WARN_UNUSED_FUNCTION = YES;
				GCC_WARN_UNUSED_VARIABLE = YES;
				IPHONEOS_DEPLOYMENT_TARGET = 15.5;
				MTL_ENABLE_DEBUG_INFO = INCLUDE_SOURCE;
				MTL_FAST_MATH = YES;
				ONLY_ACTIVE_ARCH = YES;
				SDKROOT = iphoneos;
				SWIFT_ACTIVE_COMPILATION_CONDITIONS = DEBUG;
				SWIFT_OPTIMIZATION_LEVEL = "-Onone";
			};
			name = Debug;
		};
		C467F20D28BA98BD0009DF2D /* Release */ = {
			isa = XCBuildConfiguration;
			buildSettings = {
				ALWAYS_SEARCH_USER_PATHS = NO;
				CLANG_ANALYZER_NONNULL = YES;
				CLANG_ANALYZER_NUMBER_OBJECT_CONVERSION = YES_AGGRESSIVE;
				CLANG_CXX_LANGUAGE_STANDARD = "gnu++17";
				CLANG_ENABLE_MODULES = YES;
				CLANG_ENABLE_OBJC_ARC = YES;
				CLANG_ENABLE_OBJC_WEAK = YES;
				CLANG_WARN_BLOCK_CAPTURE_AUTORELEASING = YES;
				CLANG_WARN_BOOL_CONVERSION = YES;
				CLANG_WARN_COMMA = YES;
				CLANG_WARN_CONSTANT_CONVERSION = YES;
				CLANG_WARN_DEPRECATED_OBJC_IMPLEMENTATIONS = YES;
				CLANG_WARN_DIRECT_OBJC_ISA_USAGE = YES_ERROR;
				CLANG_WARN_DOCUMENTATION_COMMENTS = YES;
				CLANG_WARN_EMPTY_BODY = YES;
				CLANG_WARN_ENUM_CONVERSION = YES;
				CLANG_WARN_INFINITE_RECURSION = YES;
				CLANG_WARN_INT_CONVERSION = YES;
				CLANG_WARN_NON_LITERAL_NULL_CONVERSION = YES;
				CLANG_WARN_OBJC_IMPLICIT_RETAIN_SELF = YES;
				CLANG_WARN_OBJC_LITERAL_CONVERSION = YES;
				CLANG_WARN_OBJC_ROOT_CLASS = YES_ERROR;
				CLANG_WARN_QUOTED_INCLUDE_IN_FRAMEWORK_HEADER = YES;
				CLANG_WARN_RANGE_LOOP_ANALYSIS = YES;
				CLANG_WARN_STRICT_PROTOTYPES = YES;
				CLANG_WARN_SUSPICIOUS_MOVE = YES;
				CLANG_WARN_UNGUARDED_AVAILABILITY = YES_AGGRESSIVE;
				CLANG_WARN_UNREACHABLE_CODE = YES;
				CLANG_WARN__DUPLICATE_METHOD_MATCH = YES;
				COPY_PHASE_STRIP = NO;
				DEBUG_INFORMATION_FORMAT = "dwarf-with-dsym";
				ENABLE_NS_ASSERTIONS = NO;
				ENABLE_STRICT_OBJC_MSGSEND = YES;
				GCC_C_LANGUAGE_STANDARD = gnu11;
				GCC_NO_COMMON_BLOCKS = YES;
				GCC_WARN_64_TO_32_BIT_CONVERSION = YES;
				GCC_WARN_ABOUT_RETURN_TYPE = YES_ERROR;
				GCC_WARN_UNDECLARED_SELECTOR = YES;
				GCC_WARN_UNINITIALIZED_AUTOS = YES_AGGRESSIVE;
				GCC_WARN_UNUSED_FUNCTION = YES;
				GCC_WARN_UNUSED_VARIABLE = YES;
				IPHONEOS_DEPLOYMENT_TARGET = 15.5;
				MTL_ENABLE_DEBUG_INFO = NO;
				MTL_FAST_MATH = YES;
				SDKROOT = iphoneos;
				SWIFT_COMPILATION_MODE = wholemodule;
				SWIFT_OPTIMIZATION_LEVEL = "-O";
				VALIDATE_PRODUCT = YES;
			};
			name = Release;
		};
		C467F20F28BA98BD0009DF2D /* Debug */ = {
			isa = XCBuildConfiguration;
			buildSettings = {
				ASSETCATALOG_COMPILER_APPICON_NAME = AppIcon;
				ASSETCATALOG_COMPILER_GLOBAL_ACCENT_COLOR_NAME = AccentColor;
				CODE_SIGN_STYLE = Automatic;
				CURRENT_PROJECT_VERSION = 1;
				GENERATE_INFOPLIST_FILE = YES;
				INFOPLIST_FILE = Bankey/Info.plist;
				INFOPLIST_KEY_UIApplicationSupportsIndirectInputEvents = YES;
				INFOPLIST_KEY_UILaunchStoryboardName = LaunchScreen;
				INFOPLIST_KEY_UISupportedInterfaceOrientations_iPad = "UIInterfaceOrientationPortrait UIInterfaceOrientationPortraitUpsideDown UIInterfaceOrientationLandscapeLeft UIInterfaceOrientationLandscapeRight";
				INFOPLIST_KEY_UISupportedInterfaceOrientations_iPhone = "UIInterfaceOrientationPortrait UIInterfaceOrientationLandscapeLeft UIInterfaceOrientationLandscapeRight";
				LD_RUNPATH_SEARCH_PATHS = (
					"$(inherited)",
					"@executable_path/Frameworks",
				);
				MARKETING_VERSION = 1.0;
				PRODUCT_BUNDLE_IDENTIFIER = mpilopillz.Bankey;
				PRODUCT_NAME = "$(TARGET_NAME)";
				SWIFT_EMIT_LOC_STRINGS = YES;
				SWIFT_VERSION = 5.0;
				TARGETED_DEVICE_FAMILY = "1,2";
			};
			name = Debug;
		};
		C467F21028BA98BD0009DF2D /* Release */ = {
			isa = XCBuildConfiguration;
			buildSettings = {
				ASSETCATALOG_COMPILER_APPICON_NAME = AppIcon;
				ASSETCATALOG_COMPILER_GLOBAL_ACCENT_COLOR_NAME = AccentColor;
				CODE_SIGN_STYLE = Automatic;
				CURRENT_PROJECT_VERSION = 1;
				GENERATE_INFOPLIST_FILE = YES;
				INFOPLIST_FILE = Bankey/Info.plist;
				INFOPLIST_KEY_UIApplicationSupportsIndirectInputEvents = YES;
				INFOPLIST_KEY_UILaunchStoryboardName = LaunchScreen;
				INFOPLIST_KEY_UISupportedInterfaceOrientations_iPad = "UIInterfaceOrientationPortrait UIInterfaceOrientationPortraitUpsideDown UIInterfaceOrientationLandscapeLeft UIInterfaceOrientationLandscapeRight";
				INFOPLIST_KEY_UISupportedInterfaceOrientations_iPhone = "UIInterfaceOrientationPortrait UIInterfaceOrientationLandscapeLeft UIInterfaceOrientationLandscapeRight";
				LD_RUNPATH_SEARCH_PATHS = (
					"$(inherited)",
					"@executable_path/Frameworks",
				);
				MARKETING_VERSION = 1.0;
				PRODUCT_BUNDLE_IDENTIFIER = mpilopillz.Bankey;
				PRODUCT_NAME = "$(TARGET_NAME)";
				SWIFT_EMIT_LOC_STRINGS = YES;
				SWIFT_VERSION = 5.0;
				TARGETED_DEVICE_FAMILY = "1,2";
			};
			name = Release;
		};
/* End XCBuildConfiguration section */

/* Begin XCConfigurationList section */
		C467F1F228BA98BB0009DF2D /* Build configuration list for PBXProject "Bankey" */ = {
			isa = XCConfigurationList;
			buildConfigurations = (
				C467F20C28BA98BD0009DF2D /* Debug */,
				C467F20D28BA98BD0009DF2D /* Release */,
			);
			defaultConfigurationIsVisible = 0;
			defaultConfigurationName = Release;
		};
		C467F20E28BA98BD0009DF2D /* Build configuration list for PBXNativeTarget "Bankey" */ = {
			isa = XCConfigurationList;
			buildConfigurations = (
				C467F20F28BA98BD0009DF2D /* Debug */,
				C467F21028BA98BD0009DF2D /* Release */,
			);
			defaultConfigurationIsVisible = 0;
			defaultConfigurationName = Release;
		};
/* End XCConfigurationList section */

/* Begin XCVersionGroup section */
		C467F20328BA98BB0009DF2D /* Bankey.xcdatamodeld */ = {
			isa = XCVersionGroup;
			children = (
				C467F20428BA98BB0009DF2D /* Bankey.xcdatamodel */,
			);
			currentVersion = C467F20428BA98BB0009DF2D /* Bankey.xcdatamodel */;
			path = Bankey.xcdatamodeld;
			sourceTree = "<group>";
			versionGroupType = wrapper.xcdatamodel;
		};
/* End XCVersionGroup section */
	};
	rootObject = C467F1EF28BA98BB0009DF2D /* Project object */;
}
